<Solution>
  <Folder Name="/src/">
    <Project Path="src/TokenOptimizer.App/TokenOptimizer.App.csproj" />
    <Project Path="src/TokenOptimizer.Core/TokenOptimizer.Core.csproj" />
    <Project Path="src/TokenOptimizer.Providers/TokenOptimizer.Providers.csproj" />
  </Folder>
  <Folder Name="/tests/">
    <Project Path="tests/TokenOptimizer.Core.Tests/TokenOptimizer.Core.Tests.csproj" />
    <Project Path="tests/TokenOptimizer.Providers.Tests/TokenOptimizer.Providers.Tests.csproj" />
  </Folder>
</Solution>
